
Microsoft Visual Studio Solution File, Format Version 12.00
Project("{FAE04EC0-301F-11D3-BF4B-00C04F79EFBC}") = "Sales.Domain", "Sales.Domain\Sales.Domain.csproj", "{253D0B6B-FF00-47EB-8794-2EB4A5556362}"
EndProject
Project("{FAE04EC0-301F-11D3-BF4B-00C04F79EFBC}") = "Sales.Infraestructure", "Sales.Infraestructure\Sales.Infraestructure.csproj", "{07E06B69-E08D-42AE-AD79-5979C34831BB}"
EndProject
Project("{FAE04EC0-301F-11D3-BF4B-00C04F79EFBC}") = "Sales.Api", "Sales.Api\Sales.Api.csproj", "{7A1937EE-F6DA-4BF0-8DD4-84EE6D0883CF}"
EndProject
Project("{FAE04EC0-301F-11D3-BF4B-00C04F79EFBC}") = "Sales.IOC", "Sales.IOC\Sales.IOC.csproj", "{FE440D47-24B2-4140-AE8A-EFDB13E916AE}"
EndProject
Project("{FAE04EC0-301F-11D3-BF4B-00C04F79EFBC}") = "Sales.Infraestructure.Unit.Test", "Sales.Infraestructure.Unit.Test\Sales.Infraestructure.Unit.Test.csproj", "{E44842E0-08BF-4A92-9360-48D6470F005C}"
EndProject
Global
	GlobalSection(SolutionConfigurationPlatforms) = preSolution
		Debug|Any CPU = Debug|Any CPU
		Release|Any CPU = Release|Any CPU
	EndGlobalSection
	GlobalSection(ProjectConfigurationPlatforms) = postSolution
		{253D0B6B-FF00-47EB-8794-2EB4A5556362}.Debug|Any CPU.ActiveCfg = Debug|Any CPU
		{253D0B6B-FF00-47EB-8794-2EB4A5556362}.Debug|Any CPU.Build.0 = Debug|Any CPU
		{253D0B6B-FF00-47EB-8794-2EB4A5556362}.Release|Any CPU.ActiveCfg = Release|Any CPU
		{253D0B6B-FF00-47EB-8794-2EB4A5556362}.Release|Any CPU.Build.0 = Release|Any CPU
		{07E06B69-E08D-42AE-AD79-5979C34831BB}.Debug|Any CPU.ActiveCfg = Debug|Any CPU
		{07E06B69-E08D-42AE-AD79-5979C34831BB}.Debug|Any CPU.Build.0 = Debug|Any CPU
		{07E06B69-E08D-42AE-AD79-5979C34831BB}.Release|Any CPU.ActiveCfg = Release|Any CPU
		{07E06B69-E08D-42AE-AD79-5979C34831BB}.Release|Any CPU.Build.0 = Release|Any CPU
		{7A1937EE-F6DA-4BF0-8DD4-84EE6D0883CF}.Debug|Any CPU.ActiveCfg = Debug|Any CPU
		{7A1937EE-F6DA-4BF0-8DD4-84EE6D0883CF}.Debug|Any CPU.Build.0 = Debug|Any CPU
		{7A1937EE-F6DA-4BF0-8DD4-84EE6D0883CF}.Release|Any CPU.ActiveCfg = Release|Any CPU
		{7A1937EE-F6DA-4BF0-8DD4-84EE6D0883CF}.Release|Any CPU.Build.0 = Release|Any CPU
		{FE440D47-24B2-4140-AE8A-EFDB13E916AE}.Debug|Any CPU.ActiveCfg = Debug|Any CPU
		{FE440D47-24B2-4140-AE8A-EFDB13E916AE}.Debug|Any CPU.Build.0 = Debug|Any CPU
		{FE440D47-24B2-4140-AE8A-EFDB13E916AE}.Release|Any CPU.ActiveCfg = Release|Any CPU
		{FE440D47-24B2-4140-AE8A-EFDB13E916AE}.Release|Any CPU.Build.0 = Release|Any CPU
		{E44842E0-08BF-4A92-9360-48D6470F005C}.Debug|Any CPU.ActiveCfg = Debug|Any CPU
		{E44842E0-08BF-4A92-9360-48D6470F005C}.Debug|Any CPU.Build.0 = Debug|Any CPU
		{E44842E0-08BF-4A92-9360-48D6470F005C}.Release|Any CPU.ActiveCfg = Release|Any CPU
		{E44842E0-08BF-4A92-9360-48D6470F005C}.Release|Any CPU.Build.0 = Release|Any CPU
	EndGlobalSection
EndGlobal
